
Microsoft Visual Studio Solution File, Format Version 12.00
# Visual Studio Version 17
VisualStudioVersion = 17.10.35122.118
MinimumVisualStudioVersion = 10.0.40219.1
Project("{FAE04EC0-301F-11D3-BF4B-00C04F79EFBC}") = "MAURIYYOO2", "MAURIYYOO2.csproj", "{21A44833-95CF-454B-B094-12B7AFDBD1FE}"
EndProject
Global
	GlobalSection(SolutionConfigurationPlatforms) = preSolution
		Debug|Any CPU = Debug|Any CPU
		Release|Any CPU = Release|Any CPU
	EndGlobalSection
	GlobalSection(ProjectConfigurationPlatforms) = postSolution
		{21A44833-95CF-454B-B094-12B7AFDBD1FE}.Debug|Any CPU.ActiveCfg = Debug|Any CPU
		{21A44833-95CF-454B-B094-12B7AFDBD1FE}.Debug|Any CPU.Build.0 = Debug|Any CPU
		{21A44833-95CF-454B-B094-12B7AFDBD1FE}.Release|Any CPU.ActiveCfg = Release|Any CPU
		{21A44833-95CF-454B-B094-12B7AFDBD1FE}.Release|Any CPU.Build.0 = Release|Any CPU
	EndGlobalSection
	GlobalSection(SolutionProperties) = preSolution
		HideSolutionNode = FALSE
	EndGlobalSection
	GlobalSection(ExtensibilityGlobals) = postSolution
		SolutionGuid = {CBDA817F-4EDD-4E97-8F21-5231D4BD47DB}
	EndGlobalSection
EndGlobal
